// !$*UTF8*$!
{
	archiveVersion = 1;
	classes = {
	};
	objectVersion = 46;
	objects = {

/* Begin PBXBuildFile section */
		2C366EC41C65C4110066C950 /* AppDelegate.swift in Sources */ = {isa = PBXBuildFile; fileRef = 2C366EC31C65C4110066C950 /* AppDelegate.swift */; };
		2C366EC61C65C4110066C950 /* ViewController.swift in Sources */ = {isa = PBXBuildFile; fileRef = 2C366EC51C65C4110066C950 /* ViewController.swift */; };
		2C366EC91C65C4110066C950 /* Main.storyboard in Resources */ = {isa = PBXBuildFile; fileRef = 2C366EC71C65C4110066C950 /* Main.storyboard */; };
		2C366ECB1C65C4110066C950 /* Assets.xcassets in Resources */ = {isa = PBXBuildFile; fileRef = 2C366ECA1C65C4110066C950 /* Assets.xcassets */; };
		2C366ECE1C65C4110066C950 /* LaunchScreen.storyboard in Resources */ = {isa = PBXBuildFile; fileRef = 2C366ECC1C65C4110066C950 /* LaunchScreen.storyboard */; };
		2C366ED91C65C4110066C950 /* SuperCoolTests.swift in Sources */ = {isa = PBXBuildFile; fileRef = 2C366ED81C65C4110066C950 /* SuperCoolTests.swift */; };
		2C366EE41C65C4120066C950 /* SuperCoolUITests.swift in Sources */ = {isa = PBXBuildFile; fileRef = 2C366EE31C65C4120066C950 /* SuperCoolUITests.swift */; };
/* End PBXBuildFile section */

/* Begin PBXContainerItemProxy section */
		2C366ED51C65C4110066C950 /* PBXContainerItemProxy */ = {
			isa = PBXContainerItemProxy;
			containerPortal = 2C366EB81C65C4110066C950 /* Project object */;
			proxyType = 1;
			remoteGlobalIDString = 2C366EBF1C65C4110066C950;
			remoteInfo = SuperCool;
		};
		2C366EE01C65C4120066C950 /* PBXContainerItemProxy */ = {
			isa = PBXContainerItemProxy;
			containerPortal = 2C366EB81C65C4110066C950 /* Project object */;
			proxyType = 1;
			remoteGlobalIDString = 2C366EBF1C65C4110066C950;
			remoteInfo = SuperCool;
		};
/* End PBXContainerItemProxy section */

/* Begin PBXFileReference section */
		2C366EC01C65C4110066C950 /* SuperCool.app */ = {isa = PBXFileReference; explicitFileType = wrapper.application; includeInIndex = 0; path = SuperCool.app; sourceTree = BUILT_PRODUCTS_DIR; };
		2C366EC31C65C4110066C950 /* AppDelegate.swift */ = {isa = PBXFileReference; lastKnownFileType = sourcecode.swift; path = AppDelegate.swift; sourceTree = "<group>"; };
		2C366EC51C65C4110066C950 /* ViewController.swift */ = {isa = PBXFileReference; lastKnownFileType = sourcecode.swift; path = ViewController.swift; sourceTree = "<group>"; };
		2C366EC81C65C4110066C950 /* Base */ = {isa = PBXFileReference; lastKnownFileType = file.storyboard; name = Base; path = Base.lproj/Main.storyboard; sourceTree = "<group>"; };
		2C366ECA1C65C4110066C950 /* Assets.xcassets */ = {isa = PBXFileReference; lastKnownFileType = folder.assetcatalog; path = Assets.xcassets; sourceTree = "<group>"; };
		2C366ECD1C65C4110066C950 /* Base */ = {isa = PBXFileReference; lastKnownFileType = file.storyboard; name = Base; path = Base.lproj/LaunchScreen.storyboard; sourceTree = "<group>"; };
		2C366ECF1C65C4110066C950 /* Info.plist */ = {isa = PBXFileReference; lastKnownFileType = text.plist.xml; path = Info.plist; sourceTree = "<group>"; };
		2C366ED41C65C4110066C950 /* SuperCoolTests.xctest */ = {isa = PBXFileReference; explicitFileType = wrapper.cfbundle; includeInIndex = 0; path = SuperCoolTests.xctest; sourceTree = BUILT_PRODUCTS_DIR; };
		2C366ED81C65C4110066C950 /* SuperCoolTests.swift */ = {isa = PBXFileReference; lastKnownFileType = sourcecode.swift; path = SuperCoolTests.swift; sourceTree = "<group>"; };
		2C366EDA1C65C4110066C950 /* Info.plist */ = {isa = PBXFileReference; lastKnownFileType = text.plist.xml; path = Info.plist; sourceTree = "<group>"; };
		2C366EDF1C65C4120066C950 /* SuperCoolUITests.xctest */ = {isa = PBXFileReference; explicitFileType = wrapper.cfbundle; includeInIndex = 0; path = SuperCoolUITests.xctest; sourceTree = BUILT_PRODUCTS_DIR; };
		2C366EE31C65C4120066C950 /* SuperCoolUITests.swift */ = {isa = PBXFileReference; lastKnownFileType = sourcecode.swift; path = SuperCoolUITests.swift; sourceTree = "<group>"; };
		2C366EE51C65C4120066C950 /* Info.plist */ = {isa = PBXFileReference; lastKnownFileType = text.plist.xml; path = Info.plist; sourceTree = "<group>"; };
/* End PBXFileReference section */

/* Begin PBXFrameworksBuildPhase section */
		2C366EBD1C65C4110066C950 /* Frameworks */ = {
			isa = PBXFrameworksBuildPhase;
			buildActionMask = 2147483647;
			files = (
			);
			runOnlyForDeploymentPostprocessing = 0;
		};
		2C366ED11C65C4110066C950 /* Frameworks */ = {
			isa = PBXFrameworksBuildPhase;
			buildActionMask = 2147483647;
			files = (
			);
			runOnlyForDeploymentPostprocessing = 0;
		};
		2C366EDC1C65C4120066C950 /* Frameworks */ = {
			isa = PBXFrameworksBuildPhase;
			buildActionMask = 2147483647;
			files = (
			);
			runOnlyForDeploymentPostprocessing = 0;
		};
/* End PBXFrameworksBuildPhase section */

/* Begin PBXGroup section */
		2C366EB71C65C4110066C950 = {
			isa = PBXGroup;
			children = (
				2C366EC21C65C4110066C950 /* SuperCool */,
				2C366ED71C65C4110066C950 /* SuperCoolTests */,
				2C366EE21C65C4120066C950 /* SuperCoolUITests */,
				2C366EC11C65C4110066C950 /* Products */,
			);
			sourceTree = "<group>";
		};
		2C366EC11C65C4110066C950 /* Products */ = {
			isa = PBXGroup;
			children = (
				2C366EC01C65C4110066C950 /* SuperCool.app */,
				2C366ED41C65C4110066C950 /* SuperCoolTests.xctest */,
				2C366EDF1C65C4120066C950 /* SuperCoolUITests.xctest */,
			);
			name = Products;
			sourceTree = "<group>";
		};
		2C366EC21C65C4110066C950 /* SuperCool */ = {
			isa = PBXGroup;
			children = (
				2C366EC31C65C4110066C950 /* AppDelegate.swift */,
				2C366EC51C65C4110066C950 /* ViewController.swift */,
				2C366EC71C65C4110066C950 /* Main.storyboard */,
				2C366ECA1C65C4110066C950 /* Assets.xcassets */,
				2C366ECC1C65C4110066C950 /* LaunchScreen.storyboard */,
				2C366ECF1C65C4110066C950 /* Info.plist */,
			);
			path = SuperCool;
			sourceTree = "<group>";
		};
		2C366ED71C65C4110066C950 /* SuperCoolTests */ = {
			isa = PBXGroup;
			children = (
				2C366ED81C65C4110066C950 /* SuperCoolTests.swift */,
				2C366EDA1C65C4110066C950 /* Info.plist */,
			);
			path = SuperCoolTests;
			sourceTree = "<group>";
		};
		2C366EE21C65C4120066C950 /* SuperCoolUITests */ = {
			isa = PBXGroup;
			children = (
				2C366EE31C65C4120066C950 /* SuperCoolUITests.swift */,
				2C366EE51C65C4120066C950 /* Info.plist */,
			);
			path = SuperCoolUITests;
			sourceTree = "<group>";
		};
/* End PBXGroup section */

/* Begin PBXNativeTarget section */
		2C366EBF1C65C4110066C950 /* SuperCool */ = {
			isa = PBXNativeTarget;
			buildConfigurationList = 2C366EE81C65C4120066C950 /* Build configuration list for PBXNativeTarget "SuperCool" */;
			buildPhases = (
				2C366EBC1C65C4110066C950 /* Sources */,
				2C366EBD1C65C4110066C950 /* Frameworks */,
				2C366EBE1C65C4110066C950 /* Resources */,
			);
			buildRules = (
			);
			dependencies = (
			);
			name = SuperCool;
			productName = SuperCool;
			productReference = 2C366EC01C65C4110066C950 /* SuperCool.app */;
			productType = "com.apple.product-type.application";
		};
		2C366ED31C65C4110066C950 /* SuperCoolTests */ = {
			isa = PBXNativeTarget;
			buildConfigurationList = 2C366EEB1C65C4120066C950 /* Build configuration list for PBXNativeTarget "SuperCoolTests" */;
			buildPhases = (
				2C366ED01C65C4110066C950 /* Sources */,
				2C366ED11C65C4110066C950 /* Frameworks */,
				2C366ED21C65C4110066C950 /* Resources */,
			);
			buildRules = (
			);
			dependencies = (
				2C366ED61C65C4110066C950 /* PBXTargetDependency */,
			);
			name = SuperCoolTests;
			productName = SuperCoolTests;
			productReference = 2C366ED41C65C4110066C950 /* SuperCoolTests.xctest */;
			productType = "com.apple.product-type.bundle.unit-test";
		};
		2C366EDE1C65C4120066C950 /* SuperCoolUITests */ = {
			isa = PBXNativeTarget;
			buildConfigurationList = 2C366EEE1C65C4120066C950 /* Build configuration list for PBXNativeTarget "SuperCoolUITests" */;
			buildPhases = (
				2C366EDB1C65C4120066C950 /* Sources */,
				2C366EDC1C65C4120066C950 /* Frameworks */,
				2C366EDD1C65C4120066C950 /* Resources */,
			);
			buildRules = (
			);
			dependencies = (
				2C366EE11C65C4120066C950 /* PBXTargetDependency */,
			);
			name = SuperCoolUITests;
			productName = SuperCoolUITests;
			productReference = 2C366EDF1C65C4120066C950 /* SuperCoolUITests.xctest */;
			productType = "com.apple.product-type.bundle.ui-testing";
		};
/* End PBXNativeTarget section */

/* Begin PBXProject section */
		2C366EB81C65C4110066C950 /* Project object */ = {
			isa = PBXProject;
			attributes = {
				LastSwiftUpdateCheck = 0720;
				LastUpgradeCheck = 0720;
				ORGANIZATIONNAME = marc;
				TargetAttributes = {
					2C366EBF1C65C4110066C950 = {
						CreatedOnToolsVersion = 7.2.1;
						DevelopmentTeam = 59U2B765YW;
					};
					2C366ED31C65C4110066C950 = {
						CreatedOnToolsVersion = 7.2.1;
						DevelopmentTeam = 59U2B765YW;
						TestTargetID = 2C366EBF1C65C4110066C950;
					};
					2C366EDE1C65C4120066C950 = {
						CreatedOnToolsVersion = 7.2.1;
						DevelopmentTeam = 59U2B765YW;
						TestTargetID = 2C366EBF1C65C4110066C950;
					};
				};
			};
			buildConfigurationList = 2C366EBB1C65C4110066C950 /* Build configuration list for PBXProject "SuperCool" */;
			compatibilityVersion = "Xcode 3.2";
			developmentRegion = English;
			hasScannedForEncodings = 0;
			knownRegions = (
				en,
				Base,
			);
			mainGroup = 2C366EB71C65C4110066C950;
			productRefGroup = 2C366EC11C65C4110066C950 /* Products */;
			projectDirPath = "";
			projectRoot = "";
			targets = (
				2C366EBF1C65C4110066C950 /* SuperCool */,
				2C366ED31C65C4110066C950 /* SuperCoolTests */,
				2C366EDE1C65C4120066C950 /* SuperCoolUITests */,
			);
		};
/* End PBXProject section */

/* Begin PBXResourcesBuildPhase section */
		2C366EBE1C65C4110066C950 /* Resources */ = {
			isa = PBXResourcesBuildPhase;
			buildActionMask = 2147483647;
			files = (
				2C366ECE1C65C4110066C950 /* LaunchScreen.storyboard in Resources */,
				2C366ECB1C65C4110066C950 /* Assets.xcassets in Resources */,
				2C366EC91C65C4110066C950 /* Main.storyboard in Resources */,
			);
			runOnlyForDeploymentPostprocessing = 0;
		};
		2C366ED21C65C4110066C950 /* Resources */ = {
			isa = PBXResourcesBuildPhase;
			buildActionMask = 2147483647;
			files = (
			);
			runOnlyForDeploymentPostprocessing = 0;
		};
		2C366EDD1C65C4120066C950 /* Resources */ = {
			isa = PBXResourcesBuildPhase;
			buildActionMask = 2147483647;
			files = (
			);
			runOnlyForDeploymentPostprocessing = 0;
		};
/* End PBXResourcesBuildPhase section */

/* Begin PBXSourcesBuildPhase section */
		2C366EBC1C65C4110066C950 /* Sources */ = {
			isa = PBXSourcesBuildPhase;
			buildActionMask = 2147483647;
			files = (
				2C366EC61C65C4110066C950 /* ViewController.swift in Sources */,
				2C366EC41C65C4110066C950 /* AppDelegate.swift in Sources */,
			);
			runOnlyForDeploymentPostprocessing = 0;
		};
		2C366ED01C65C4110066C950 /* Sources */ = {
			isa = PBXSourcesBuildPhase;
			buildActionMask = 2147483647;
			files = (
				2C366ED91C65C4110066C950 /* SuperCoolTests.swift in Sources */,
			);
			runOnlyForDeploymentPostprocessing = 0;
		};
		2C366EDB1C65C4120066C950 /* Sources */ = {
			isa = PBXSourcesBuildPhase;
			buildActionMask = 2147483647;
			files = (
				2C366EE41C65C4120066C950 /* SuperCoolUITests.swift in Sources */,
			);
			runOnlyForDeploymentPostprocessing = 0;
		};
/* End PBXSourcesBuildPhase section */

/* Begin PBXTargetDependency section */
		2C366ED61C65C4110066C950 /* PBXTargetDependency */ = {
			isa = PBXTargetDependency;
			target = 2C366EBF1C65C4110066C950 /* SuperCool */;
			targetProxy = 2C366ED51C65C4110066C950 /* PBXContainerItemProxy */;
		};
		2C366EE11C65C4120066C950 /* PBXTargetDependency */ = {
			isa = PBXTargetDependency;
			target = 2C366EBF1C65C4110066C950 /* SuperCool */;
			targetProxy = 2C366EE01C65C4120066C950 /* PBXContainerItemProxy */;
		};
/* End PBXTargetDependency section */

/* Begin PBXVariantGroup section */
		2C366EC71C65C4110066C950 /* Main.storyboard */ = {
			isa = PBXVariantGroup;
			children = (
				2C366EC81C65C4110066C950 /* Base */,
			);
			name = Main.storyboard;
			sourceTree = "<group>";
		};
		2C366ECC1C65C4110066C950 /* LaunchScreen.storyboard */ = {
			isa = PBXVariantGroup;
			children = (
				2C366ECD1C65C4110066C950 /* Base */,
			);
			name = LaunchScreen.storyboard;
			sourceTree = "<group>";
		};
/* End PBXVariantGroup section */

/* Begin XCBuildConfiguration section */
		2C366EE61C65C4120066C950 /* Debug */ = {
			isa = XCBuildConfiguration;
			buildSettings = {
				ALWAYS_SEARCH_USER_PATHS = NO;
				CLANG_CXX_LANGUAGE_STANDARD = "gnu++0x";
				CLANG_CXX_LIBRARY = "libc++";
				CLANG_ENABLE_MODULES = YES;
				CLANG_ENABLE_OBJC_ARC = YES;
				CLANG_WARN_BOOL_CONVERSION = YES;
				CLANG_WARN_CONSTANT_CONVERSION = YES;
				CLANG_WARN_DIRECT_OBJC_ISA_USAGE = YES_ERROR;
				CLANG_WARN_EMPTY_BODY = YES;
				CLANG_WARN_ENUM_CONVERSION = YES;
				CLANG_WARN_INT_CONVERSION = YES;
				CLANG_WARN_OBJC_ROOT_CLASS = YES_ERROR;
				CLANG_WARN_UNREACHABLE_CODE = YES;
				CLANG_WARN__DUPLICATE_METHOD_MATCH = YES;
				"CODE_SIGN_IDENTITY[sdk=iphoneos*]" = "iPhone Developer";
				COPY_PHASE_STRIP = NO;
				DEBUG_INFORMATION_FORMAT = dwarf;
				ENABLE_STRICT_OBJC_MSGSEND = YES;
				ENABLE_TESTABILITY = YES;
				GCC_C_LANGUAGE_STANDARD = gnu99;
				GCC_DYNAMIC_NO_PIC = NO;
				GCC_NO_COMMON_BLOCKS = YES;
				GCC_OPTIMIZATION_LEVEL = 0;
				GCC_PREPROCESSOR_DEFINITIONS = (
					"DEBUG=1",
					"$(inherited)",
				);
				GCC_WARN_64_TO_32_BIT_CONVERSION = YES;
				GCC_WARN_ABOUT_RETURN_TYPE = YES_ERROR;
				GCC_WARN_UNDECLARED_SELECTOR = YES;
				GCC_WARN_UNINITIALIZED_AUTOS = YES_AGGRESSIVE;
				GCC_WARN_UNUSED_FUNCTION = YES;
				GCC_WARN_UNUSED_VARIABLE = YES;
				IPHONEOS_DEPLOYMENT_TARGET = 9.2;
				MTL_ENABLE_DEBUG_INFO = YES;
				ONLY_ACTIVE_ARCH = YES;
				SDKROOT = iphoneos;
				SWIFT_OPTIMIZATION_LEVEL = "-Onone";
			};
			name = Debug;
		};
		2C366EE71C65C4120066C950 /* Release */ = {
			isa = XCBuildConfiguration;
			buildSettings = {
				ALWAYS_SEARCH_USER_PATHS = NO;
				CLANG_CXX_LANGUAGE_STANDARD = "gnu++0x";
				CLANG_CXX_LIBRARY = "libc++";
				CLANG_ENABLE_MODULES = YES;
				CLANG_ENABLE_OBJC_ARC = YES;
				CLANG_WARN_BOOL_CONVERSION = YES;
				CLANG_WARN_CONSTANT_CONVERSION = YES;
				CLANG_WARN_DIRECT_OBJC_ISA_USAGE = YES_ERROR;
				CLANG_WARN_EMPTY_BODY = YES;
				CLANG_WARN_ENUM_CONVERSION = YES;
				CLANG_WARN_INT_CONVERSION = YES;
				CLANG_WARN_OBJC_ROOT_CLASS = YES_ERROR;
				CLANG_WARN_UNREACHABLE_CODE = YES;
				CLANG_WARN__DUPLICATE_METHOD_MATCH = YES;
				"CODE_SIGN_IDENTITY[sdk=iphoneos*]" = "iPhone Developer";
				COPY_PHASE_STRIP = NO;
				DEBUG_INFORMATION_FORMAT = "dwarf-with-dsym";
				ENABLE_NS_ASSERTIONS = NO;
				ENABLE_STRICT_OBJC_MSGSEND = YES;
				GCC_C_LANGUAGE_STANDARD = gnu99;
				GCC_NO_COMMON_BLOCKS = YES;
				GCC_WARN_64_TO_32_BIT_CONVERSION = YES;
				GCC_WARN_ABOUT_RETURN_TYPE = YES_ERROR;
				GCC_WARN_UNDECLARED_SELECTOR = YES;
				GCC_WARN_UNINITIALIZED_AUTOS = YES_AGGRESSIVE;
				GCC_WARN_UNUSED_FUNCTION = YES;
				GCC_WARN_UNUSED_VARIABLE = YES;
				IPHONEOS_DEPLOYMENT_TARGET = 9.2;
				MTL_ENABLE_DEBUG_INFO = NO;
				SDKROOT = iphoneos;
				VALIDATE_PRODUCT = YES;
			};
			name = Release;
		};
		2C366EE91C65C4120066C950 /* Debug */ = {
			isa = XCBuildConfiguration;
			buildSettings = {
				ASSETCATALOG_COMPILER_APPICON_NAME = AppIcon;
				INFOPLIST_FILE = SuperCool/Info.plist;
				LD_RUNPATH_SEARCH_PATHS = "$(inherited) @executable_path/Frameworks";
				PRODUCT_BUNDLE_IDENTIFIER = com.marc.SuperCool;
				PRODUCT_NAME = "$(TARGET_NAME)";
			};
			name = Debug;
		};
		2C366EEA1C65C4120066C950 /* Release */ = {
			isa = XCBuildConfiguration;
			buildSettings = {
				ASSETCATALOG_COMPILER_APPICON_NAME = AppIcon;
				INFOPLIST_FILE = SuperCool/Info.plist;
				LD_RUNPATH_SEARCH_PATHS = "$(inherited) @executable_path/Frameworks";
				PRODUCT_BUNDLE_IDENTIFIER = com.marc.SuperCool;
				PRODUCT_NAME = "$(TARGET_NAME)";
			};
			name = Release;
		};
		2C366EEC1C65C4120066C950 /* Debug */ = {
			isa = XCBuildConfiguration;
			buildSettings = {
				BUNDLE_LOADER = "$(TEST_HOST)";
				INFOPLIST_FILE = SuperCoolTests/Info.plist;
				LD_RUNPATH_SEARCH_PATHS = "$(inherited) @executable_path/Frameworks @loader_path/Frameworks";
				PRODUCT_BUNDLE_IDENTIFIER = com.marc.SuperCoolTests;
				PRODUCT_NAME = "$(TARGET_NAME)";
				TEST_HOST = "$(BUILT_PRODUCTS_DIR)/SuperCool.app/SuperCool";
			};
			name = Debug;
		};
		2C366EED1C65C4120066C950 /* Release */ = {
			isa = XCBuildConfiguration;
			buildSettings = {
				BUNDLE_LOADER = "$(TEST_HOST)";
				INFOPLIST_FILE = SuperCoolTests/Info.plist;
				LD_RUNPATH_SEARCH_PATHS = "$(inherited) @executable_path/Frameworks @loader_path/Frameworks";
				PRODUCT_BUNDLE_IDENTIFIER = com.marc.SuperCoolTests;
				PRODUCT_NAME = "$(TARGET_NAME)";
				TEST_HOST = "$(BUILT_PRODUCTS_DIR)/SuperCool.app/SuperCool";
			};
			name = Release;
		};
		2C366EEF1C65C4120066C950 /* Debug */ = {
			isa = XCBuildConfiguration;
			buildSettings = {
				INFOPLIST_FILE = SuperCoolUITests/Info.plist;
				LD_RUNPATH_SEARCH_PATHS = "$(inherited) @executable_path/Frameworks @loader_path/Frameworks";
				PRODUCT_BUNDLE_IDENTIFIER = com.marc.SuperCoolUITests;
				PRODUCT_NAME = "$(TARGET_NAME)";
				TEST_TARGET_NAME = SuperCool;
				USES_XCTRUNNER = YES;
			};
			name = Debug;
		};
		2C366EF01C65C4120066C950 /* Release */ = {
			isa = XCBuildConfiguration;
			buildSettings = {
				INFOPLIST_FILE = SuperCoolUITests/Info.plist;
				LD_RUNPATH_SEARCH_PATHS = "$(inherited) @executable_path/Frameworks @loader_path/Frameworks";
				PRODUCT_BUNDLE_IDENTIFIER = com.marc.SuperCoolUITests;
				PRODUCT_NAME = "$(TARGET_NAME)";
				TEST_TARGET_NAME = SuperCool;
				USES_XCTRUNNER = YES;
			};
			name = Release;
		};
/* End XCBuildConfiguration section */

/* Begin XCConfigurationList section */
		2C366EBB1C65C4110066C950 /* Build configuration list for PBXProject "SuperCool" */ = {
			isa = XCConfigurationList;
			buildConfigurations = (
				2C366EE61C65C4120066C950 /* Debug */,
				2C366EE71C65C4120066C950 /* Release */,
			);
			defaultConfigurationIsVisible = 0;
			defaultConfigurationName = Release;
		};
		2C366EE81C65C4120066C950 /* Build configuration list for PBXNativeTarget "SuperCool" */ = {
			isa = XCConfigurationList;
			buildConfigurations = (
				2C366EE91C65C4120066C950 /* Debug */,
				2C366EEA1C65C4120066C950 /* Release */,
			);
			defaultConfigurationIsVisible = 0;
		};
		2C366EEB1C65C4120066C950 /* Build configuration list for PBXNativeTarget "SuperCoolTests" */ = {
			isa = XCConfigurationList;
			buildConfigurations = (
				2C366EEC1C65C4120066C950 /* Debug */,
				2C366EED1C65C4120066C950 /* Release */,
			);
			defaultConfigurationIsVisible = 0;
		};
		2C366EEE1C65C4120066C950 /* Build configuration list for PBXNativeTarget "SuperCoolUITests" */ = {
			isa = XCConfigurationList;
			buildConfigurations = (
				2C366EEF1C65C4120066C950 /* Debug */,
				2C366EF01C65C4120066C950 /* Release */,
			);
			defaultConfigurationIsVisible = 0;
		};
/* End XCConfigurationList section */
	};
	rootObject = 2C366EB81C65C4110066C950 /* Project object */;
}
